{
  "name": "sast",
  "version": "1.0.0",
  "lockfileVersion": 2,
  "requires": true,
  "packages": {
    "": {
      "name": "sast",
      "version": "1.0.0",
      "license": "ISC",
      "devDependencies": {
        "eslint-plugin-security": "^1.5.0",
        "eslint-plugin-security-node": "^1.1.1"
      }
    },
    "node_modules/eslint-plugin-security": {
      "version": "1.5.0",
      "resolved": "https://registry.npmjs.org/eslint-plugin-security/-/eslint-plugin-security-1.5.0.tgz",
      "integrity": "sha512-hAFVwLZ/UeXrlyVD2TDarv/x00CoFVpaY0IUZhKjPjiFxqkuQVixsK4f2rxngeQOqSxi6OUjzJM/jMwKEVjJ8g==",
      "dev": true,
      "dependencies": {
        "safe-regex": "^2.1.1"
      }
    },
    "node_modules/eslint-plugin-security-node": {
      "version": "1.1.1",
      "resolved": "https://registry.npmjs.org/eslint-plugin-security-node/-/eslint-plugin-security-node-1.1.1.tgz",
      "integrity": "sha512-PXl5uKQOglpIpU13YIwWhhXK9Sw14KHbzCdVthDWoIsUPOuMYbrGOCWJSEVVuZ1uJK2ciN+45ogPeErrKtNm0Q==",
      "dev": true,
      "engines": {
        "node": ">=0.10.0"
      }
    },
    "node_modules/regexp-tree": {
      "version": "0.1.24",
      "resolved": "https://registry.npmjs.org/regexp-tree/-/regexp-tree-0.1.24.tgz",
      "integrity": "sha512-s2aEVuLhvnVJW6s/iPgEGK6R+/xngd2jNQ+xy4bXNDKxZKJH6jpPHY6kVeVv1IeLCHgswRj+Kl3ELaDjG6V1iw==",
      "dev": true,
      "bin": {
        "regexp-tree": "bin/regexp-tree"
      }
    },
    "node_modules/safe-regex": {
      "version": "2.1.1",
      "resolved": "https://registry.npmjs.org/safe-regex/-/safe-regex-2.1.1.tgz",
      "integrity": "sha512-rx+x8AMzKb5Q5lQ95Zoi6ZbJqwCLkqi3XuJXp5P3rT8OEc6sZCJG5AE5dU3lsgRr/F4Bs31jSlVN+j5KrsGu9A==",
      "dev": true,
      "dependencies": {
        "regexp-tree": "~0.1.1"
      }
    }
  },
  "dependencies": {
    "eslint-plugin-security": {
      "version": "1.5.0",
      "resolved": "https://registry.npmjs.org/eslint-plugin-security/-/eslint-plugin-security-1.5.0.tgz",
      "integrity": "sha512-hAFVwLZ/UeXrlyVD2TDarv/x00CoFVpaY0IUZhKjPjiFxqkuQVixsK4f2rxngeQOqSxi6OUjzJM/jMwKEVjJ8g==",
      "dev": true,
      "requires": {
        "safe-regex": "^2.1.1"
      }
    },
    "eslint-plugin-security-node": {
      "version": "1.1.1",
      "resolved": "https://registry.npmjs.org/eslint-plugin-security-node/-/eslint-plugin-security-node-1.1.1.tgz",
      "integrity": "sha512-PXl5uKQOglpIpU13YIwWhhXK9Sw14KHbzCdVthDWoIsUPOuMYbrGOCWJSEVVuZ1uJK2ciN+45ogPeErrKtNm0Q==",
      "dev": true
    },
    "regexp-tree": {
      "version": "0.1.24",
      "resolved": "https://registry.npmjs.org/regexp-tree/-/regexp-tree-0.1.24.tgz",
      "integrity": "sha512-s2aEVuLhvnVJW6s/iPgEGK6R+/xngd2jNQ+xy4bXNDKxZKJH6jpPHY6kVeVv1IeLCHgswRj+Kl3ELaDjG6V1iw==",
      "dev": true
    },
    "safe-regex": {
      "version": "2.1.1",
      "resolved": "https://registry.npmjs.org/safe-regex/-/safe-regex-2.1.1.tgz",
      "integrity": "sha512-rx+x8AMzKb5Q5lQ95Zoi6ZbJqwCLkqi3XuJXp5P3rT8OEc6sZCJG5AE5dU3lsgRr/F4Bs31jSlVN+j5KrsGu9A==",
      "dev": true,
      "requires": {
        "regexp-tree": "~0.1.1"
      }
    }
  }
}
